// !$*UTF8*$!
{
	archiveVersion = 1;
	classes = {
	};
	objectVersion = 77;
	objects = {

/* Begin PBXContainerItemProxy section */
		5CDB400E303CA160008ECFA3 /* PBXContainerItemProxy */ = {
			isa = PBXContainerItemProxy;
			containerPortal = 5CDB3FF8303CA15F008ECFA3 /* Project object */;
			proxyType = 1;
			remoteGlobalIDString = 5CDB3FFF303CA15F008ECFA3;
			remoteInfo = IsTheBarcodeBlank;
		};
		5CDB4018303CA160008ECFA3 /* PBXContainerItemProxy */ = {
			isa = PBXContainerItemProxy;
			containerPortal = 5CDB3FF8303CA15F008ECFA3 /* Project object */;
			proxyType = 1;
			remoteGlobalIDString = 5CDB3FFF303CA15F008ECFA3;
			remoteInfo = IsTheBarcodeBlank;
		};
/* End PBXContainerItemProxy section */

/* Begin PBXFileReference section */
		5CDB4000303CA15F008ECFA3 /* IsTheBarcodeBlank.app */ = {isa = PBXFileReference; explicitFileType = wrapper.application; includeInIndex = 0; path = IsTheBarcodeBlank.app; sourceTree = BUILT_PRODUCTS_DIR; };
		5CDB400D303CA160008ECFA3 /* IsTheBarcodeBlankTests.xctest */ = {isa = PBXFileReference; explicitFileType = wrapper.cfbundle; includeInIndex = 0; path = IsTheBarcodeBlankTests.xctest; sourceTree = BUILT_PRODUCTS_DIR; };
		5CDB4017303CA160008ECFA3 /* IsTheBarcodeBlankUITests.xctest */ = {isa = PBXFileReference; explicitFileType = wrapper.cfbundle; includeInIndex = 0; path = IsTheBarcodeBlankUITests.xctest; sourceTree = BUILT_PRODUCTS_DIR; };
		5CDB4070303CA9FF008ECFA3 /* .gitignore */ = {isa = PBXFileReference; lastKnownFileType = text; path = .gitignore; sourceTree = "<group>"; };
		5CDB4071303CA9FF008ECFA3 /* LICENSE */ = {isa = PBXFileReference; lastKnownFileType = text; path = LICENSE; sourceTree = "<group>"; };
		5CDB4072303CA9FF008ECFA3 /* README.md */ = {isa = PBXFileReference; lastKnownFileType = net.daringfireball.markdown; path = README.md; sourceTree = "<group>"; };
/* End PBXFileReference section */

/* Begin PBXFileSystemSynchronizedBuildFileExceptionSet section */
		5CDB4033303CA4D6008ECFA3 /* Exceptions for "IsTheBarcodeBlank" folder in "IsTheBarcodeBlankTests" target */ = {
			isa = PBXFileSystemSynchronizedBuildFileExceptionSet;
			membershipExceptions = (
				InfoPlist.xcstrings,
				Localizable.xcstrings,
				Views/AboutView.swift,
				Views/ResultView.swift,
				Views/ScannerView.swift,
			);
			target = 5CDB400C303CA160008ECFA3 /* IsTheBarcodeBlankTests */;
		};
		5CDB4034303CA4D6008ECFA3 /* Exceptions for "IsTheBarcodeBlank" folder in "IsTheBarcodeBlankUITests" target */ = {
			isa = PBXFileSystemSynchronizedBuildFileExceptionSet;
			membershipExceptions = (
				InfoPlist.xcstrings,
				Localizable.xcstrings,
				Views/AboutView.swift,
				Views/ResultView.swift,
				Views/ScannerView.swift,
			);
			target = 5CDB4016303CA160008ECFA3 /* IsTheBarcodeBlankUITests */;
		};
/* End PBXFileSystemSynchronizedBuildFileExceptionSet section */

/* Begin PBXFileSystemSynchronizedRootGroup section */
		5CDB4002303CA15F008ECFA3 /* IsTheBarcodeBlank */ = {
			isa = PBXFileSystemSynchronizedRootGroup;
			exceptions = (
				5CDB4033303CA4D6008ECFA3 /* Exceptions for "IsTheBarcodeBlank" folder in "IsTheBarcodeBlankTests" target */,
				5CDB4034303CA4D6008ECFA3 /* Exceptions for "IsTheBarcodeBlank" folder in "IsTheBarcodeBlankUITests" target */,
			);
			path = IsTheBarcodeBlank;
			sourceTree = "<group>";
		};
		5CDB4010303CA160008ECFA3 /* IsTheBarcodeBlankTests */ = {
			isa = PBXFileSystemSynchronizedRootGroup;
			path = IsTheBarcodeBlankTests;
			sourceTree = "<group>";
		};
		5CDB401A303CA160008ECFA3 /* IsTheBarcodeBlankUITests */ = {
			isa = PBXFileSystemSynchronizedRootGroup;
			path = IsTheBarcodeBlankUITests;
			sourceTree = "<group>";
		};
/* End PBXFileSystemSynchronizedRootGroup section */

/* Begin PBXFrameworksBuildPhase section */
		5CDB3FFD303CA15F008ECFA3 /* Frameworks */ = {
			isa = PBXFrameworksBuildPhase;
			buildActionMask = 2147483647;
			files = (
			);
			runOnlyForDeploymentPostprocessing = 0;
		};
		5CDB400A303CA160008ECFA3 /* Frameworks */ = {
			isa = PBXFrameworksBuildPhase;
			buildActionMask = 2147483647;
			files = (
			);
			runOnlyForDeploymentPostprocessing = 0;
		};
		5CDB4014303CA160008ECFA3 /* Frameworks */ = {
			isa = PBXFrameworksBuildPhase;
			buildActionMask = 2147483647;
			files = (
			);
			runOnlyForDeploymentPostprocessing = 0;
		};
/* End PBXFrameworksBuildPhase section */

/* Begin PBXGroup section */
		5CDB3FF7303CA15F008ECFA3 = {
			isa = PBXGroup;
			children = (
				5CDB4070303CA9FF008ECFA3 /* .gitignore */,
				5CDB4071303CA9FF008ECFA3 /* LICENSE */,
				5CDB4072303CA9FF008ECFA3 /* README.md */,
				5CDB4002303CA15F008ECFA3 /* IsTheBarcodeBlank */,
				5CDB4010303CA160008ECFA3 /* IsTheBarcodeBlankTests */,
				5CDB401A303CA160008ECFA3 /* IsTheBarcodeBlankUITests */,
				5CDB4001303CA15F008ECFA3 /* Products */,
			);
			sourceTree = "<group>";
		};
		5CDB4001303CA15F008ECFA3 /* Products */ = {
			isa = PBXGroup;
			children = (
				5CDB4000303CA15F008ECFA3 /* IsTheBarcodeBlank.app */,
				5CDB400D303CA160008ECFA3 /* IsTheBarcodeBlankTests.xctest */,
				5CDB4017303CA160008ECFA3 /* IsTheBarcodeBlankUITests.xctest */,
			);
			name = Products;
			sourceTree = "<group>";
		};
/* End PBXGroup section */

/* Begin PBXNativeTarget section */
		5CDB3FFF303CA15F008ECFA3 /* IsTheBarcodeBlank */ = {
			isa = PBXNativeTarget;
			buildConfigurationList = 5CDB4021303CA160008ECFA3 /* Build configuration list for PBXNativeTarget "IsTheBarcodeBlank" */;
			buildPhases = (
				5CDB3FFC303CA15F008ECFA3 /* Sources */,
				5CDB3FFD303CA15F008ECFA3 /* Frameworks */,
				5CDB3FFE303CA15F008ECFA3 /* Resources */,
			);
			buildRules = (
			);
			dependencies = (
			);
			fileSystemSynchronizedGroups = (
				5CDB4002303CA15F008ECFA3 /* IsTheBarcodeBlank */,
			);
			name = IsTheBarcodeBlank;
			packageProductDependencies = (
			);
			productName = IsTheBarcodeBlank;
			productReference = 5CDB4000303CA15F008ECFA3 /* IsTheBarcodeBlank.app */;
			productType = "com.apple.product-type.application";
		};
		5CDB400C303CA160008ECFA3 /* IsTheBarcodeBlankTests */ = {
			isa = PBXNativeTarget;
			buildConfigurationList = 5CDB4024303CA160008ECFA3 /* Build configuration list for PBXNativeTarget "IsTheBarcodeBlankTests" */;
			buildPhases = (
				5CDB4009303CA160008ECFA3 /* Sources */,
				5CDB400A303CA160008ECFA3 /* Frameworks */,
				5CDB400B303CA160008ECFA3 /* Resources */,
			);
			buildRules = (
			);
			dependencies = (
				5CDB400F303CA160008ECFA3 /* PBXTargetDependency */,
			);
			fileSystemSynchronizedGroups = (
				5CDB4010303CA160008ECFA3 /* IsTheBarcodeBlankTests */,
			);
			name = IsTheBarcodeBlankTests;
			packageProductDependencies = (
			);
			productName = IsTheBarcodeBlankTests;
			productReference = 5CDB400D303CA160008ECFA3 /* IsTheBarcodeBlankTests.xctest */;
			productType = "com.apple.product-type.bundle.unit-test";
		};
		5CDB4016303CA160008ECFA3 /* IsTheBarcodeBlankUITests */ = {
			isa = PBXNativeTarget;
			buildConfigurationList = 5CDB4027303CA160008ECFA3 /* Build configuration list for PBXNativeTarget "IsTheBarcodeBlankUITests" */;
			buildPhases = (
				5CDB4013303CA160008ECFA3 /* Sources */,
				5CDB4014303CA160008ECFA3 /* Frameworks */,
				5CDB4015303CA160008ECFA3 /* Resources */,
			);
			buildRules = (
			);
			dependencies = (
				5CDB4019303CA160008ECFA3 /* PBXTargetDependency */,
			);
			fileSystemSynchronizedGroups = (
				5CDB401A303CA160008ECFA3 /* IsTheBarcodeBlankUITests */,
			);
			name = IsTheBarcodeBlankUITests;
			packageProductDependencies = (
			);
			productName = IsTheBarcodeBlankUITests;
			productReference = 5CDB4017303CA160008ECFA3 /* IsTheBarcodeBlankUITests.xctest */;
			productType = "com.apple.product-type.bundle.ui-testing";
		};
/* End PBXNativeTarget section */

/* Begin PBXProject section */
		5CDB3FF8303CA15F008ECFA3 /* Project object */ = {
			isa = PBXProject;
			attributes = {
				BuildIndependentTargetsInParallel = 1;
				LastSwiftUpdateCheck = 2620;
				LastUpgradeCheck = 2620;
				TargetAttributes = {
					5CDB3FFF303CA15F008ECFA3 = {
						CreatedOnToolsVersion = 26.2;
					};
					5CDB400C303CA160008ECFA3 = {
						CreatedOnToolsVersion = 26.2;
						TestTargetID = 5CDB3FFF303CA15F008ECFA3;
					};
					5CDB4016303CA160008ECFA3 = {
						CreatedOnToolsVersion = 26.2;
						TestTargetID = 5CDB3FFF303CA15F008ECFA3;
					};
				};
			};
			buildConfigurationList = 5CDB3FFB303CA15F008ECFA3 /* Build configuration list for PBXProject "IsTheBarcodeBlank" */;
			developmentRegion = en;
			hasScannedForEncodings = 0;
			knownRegions = (
				en,
				Base,
				"es-419",
			);
			mainGroup = 5CDB3FF7303CA15F008ECFA3;
			minimizedProjectReferenceProxies = 1;
			preferredProjectObjectVersion = 77;
			productRefGroup = 5CDB4001303CA15F008ECFA3 /* Products */;
			projectDirPath = "";
			projectRoot = "";
			targets = (
				5CDB3FFF303CA15F008ECFA3 /* IsTheBarcodeBlank */,
				5CDB400C303CA160008ECFA3 /* IsTheBarcodeBlankTests */,
				5CDB4016303CA160008ECFA3 /* IsTheBarcodeBlankUITests */,
			);
		};
/* End PBXProject section */

/* Begin PBXResourcesBuildPhase section */
		5CDB3FFE303CA15F008ECFA3 /* Resources */ = {
			isa = PBXResourcesBuildPhase;
			buildActionMask = 2147483647;
			files = (
			);
			runOnlyForDeploymentPostprocessing = 0;
		};
		5CDB400B303CA160008ECFA3 /* Resources */ = {
			isa = PBXResourcesBuildPhase;
			buildActionMask = 2147483647;
			files = (
			);
			runOnlyForDeploymentPostprocessing = 0;
		};
		5CDB4015303CA160008ECFA3 /* Resources */ = {
			isa = PBXResourcesBuildPhase;
			buildActionMask = 2147483647;
			files = (
			);
			runOnlyForDeploymentPostprocessing = 0;
		};
/* End PBXResourcesBuildPhase section */

/* Begin PBXSourcesBuildPhase section */
		5CDB3FFC303CA15F008ECFA3 /* Sources */ = {
			isa = PBXSourcesBuildPhase;
			buildActionMask = 2147483647;
			files = (
			);
			runOnlyForDeploymentPostprocessing = 0;
		};
		5CDB4009303CA160008ECFA3 /* Sources */ = {
			isa = PBXSourcesBuildPhase;
			buildActionMask = 2147483647;
			files = (
			);
			runOnlyForDeploymentPostprocessing = 0;
		};
		5CDB4013303CA160008ECFA3 /* Sources */ = {
			isa = PBXSourcesBuildPhase;
			buildActionMask = 2147483647;
			files = (
			);
			runOnlyForDeploymentPostprocessing = 0;
		};
/* End PBXSourcesBuildPhase section */

/* Begin PBXTargetDependency section */
		5CDB400F303CA160008ECFA3 /* PBXTargetDependency */ = {
			isa = PBXTargetDependency;
			target = 5CDB3FFF303CA15F008ECFA3 /* IsTheBarcodeBlank */;
			targetProxy = 5CDB400E303CA160008ECFA3 /* PBXContainerItemProxy */;
		};
		5CDB4019303CA160008ECFA3 /* PBXTargetDependency */ = {
			isa = PBXTargetDependency;
			target = 5CDB3FFF303CA15F008ECFA3 /* IsTheBarcodeBlank */;
			targetProxy = 5CDB4018303CA160008ECFA3 /* PBXContainerItemProxy */;
		};
/* End PBXTargetDependency section */

/* Begin XCBuildConfiguration section */
		5CDB401F303CA160008ECFA3 /* Debug */ = {
			isa = XCBuildConfiguration;
			buildSettings = {
				ALWAYS_SEARCH_USER_PATHS = NO;
				ASSETCATALOG_COMPILER_GENERATE_SWIFT_ASSET_SYMBOL_EXTENSIONS = YES;
				CLANG_ANALYZER_NONNULL = YES;
				CLANG_ANALYZER_NUMBER_OBJECT_CONVERSION = YES_AGGRESSIVE;
				CLANG_CXX_LANGUAGE_STANDARD = "gnu++20";
				CLANG_ENABLE_MODULES = YES;
				CLANG_ENABLE_OBJC_ARC = YES;
				CLANG_ENABLE_OBJC_WEAK = YES;
				CLANG_WARN_BLOCK_CAPTURE_AUTORELEASING = YES;
				CLANG_WARN_BOOL_CONVERSION = YES;
				CLANG_WARN_COMMA = YES;
				CLANG_WARN_CONSTANT_CONVERSION = YES;
				CLANG_WARN_DEPRECATED_OBJC_IMPLEMENTATIONS = YES;
				CLANG_WARN_DIRECT_OBJC_ISA_USAGE = YES_ERROR;
				CLANG_WARN_DOCUMENTATION_COMMENTS = YES;
				CLANG_WARN_EMPTY_BODY = YES;
				CLANG_WARN_ENUM_CONVERSION = YES;
				CLANG_WARN_INFINITE_RECURSION = YES;
				CLANG_WARN_INT_CONVERSION = YES;
				CLANG_WARN_NON_LITERAL_NULL_CONVERSION = YES;
				CLANG_WARN_OBJC_IMPLICIT_RETAIN_SELF = YES;
				CLANG_WARN_OBJC_LITERAL_CONVERSION = YES;
				CLANG_WARN_OBJC_ROOT_CLASS = YES_ERROR;
				CLANG_WARN_QUOTED_INCLUDE_IN_FRAMEWORK_HEADER = YES;
				CLANG_WARN_RANGE_LOOP_ANALYSIS = YES;
				CLANG_WARN_STRICT_PROTOTYPES = YES;
				CLANG_WARN_SUSPICIOUS_MOVE = YES;
				CLANG_WARN_UNGUARDED_AVAILABILITY = YES_AGGRESSIVE;
				CLANG_WARN_UNREACHABLE_CODE = YES;
				CLANG_WARN__DUPLICATE_METHOD_MATCH = YES;
				COPY_PHASE_STRIP = NO;
				DEBUG_INFORMATION_FORMAT = dwarf;
				ENABLE_STRICT_OBJC_MSGSEND = YES;
				ENABLE_TESTABILITY = YES;
				ENABLE_USER_SCRIPT_SANDBOXING = YES;
				GCC_C_LANGUAGE_STANDARD = gnu17;
				GCC_DYNAMIC_NO_PIC = NO;
				GCC_NO_COMMON_BLOCKS = YES;
				GCC_OPTIMIZATION_LEVEL = 0;
				GCC_PREPROCESSOR_DEFINITIONS = (
					"DEBUG=1",
					"$(inherited)",
				);
				GCC_WARN_64_TO_32_BIT_CONVERSION = YES;
				GCC_WARN_ABOUT_RETURN_TYPE = YES_ERROR;
				GCC_WARN_UNDECLARED_SELECTOR = YES;
				GCC_WARN_UNINITIALIZED_AUTOS = YES_AGGRESSIVE;
				GCC_WARN_UNUSED_FUNCTION = YES;
				GCC_WARN_UNUSED_VARIABLE = YES;
				LOCALIZATION_PREFERS_STRING_CATALOGS = YES;
				MTL_ENABLE_DEBUG_INFO = INCLUDE_SOURCE;
				MTL_FAST_MATH = YES;
				ONLY_ACTIVE_ARCH = YES;
				SWIFT_ACTIVE_COMPILATION_CONDITIONS = "DEBUG $(inherited)";
				SWIFT_EMIT_LOC_STRINGS = YES;
				SWIFT_OPTIMIZATION_LEVEL = "-Onone";
			};
			name = Debug;
		};
		5CDB4020303CA160008ECFA3 /* Release */ = {
			isa = XCBuildConfiguration;
			buildSettings = {
				ALWAYS_SEARCH_USER_PATHS = NO;
				ASSETCATALOG_COMPILER_GENERATE_SWIFT_ASSET_SYMBOL_EXTENSIONS = YES;
				CLANG_ANALYZER_NONNULL = YES;
				CLANG_ANALYZER_NUMBER_OBJECT_CONVERSION = YES_AGGRESSIVE;
				CLANG_CXX_LANGUAGE_STANDARD = "gnu++20";
				CLANG_ENABLE_MODULES = YES;
				CLANG_ENABLE_OBJC_ARC = YES;
				CLANG_ENABLE_OBJC_WEAK = YES;
				CLANG_WARN_BLOCK_CAPTURE_AUTORELEASING = YES;
				CLANG_WARN_BOOL_CONVERSION = YES;
				CLANG_WARN_COMMA = YES;
				CLANG_WARN_CONSTANT_CONVERSION = YES;
				CLANG_WARN_DEPRECATED_OBJC_IMPLEMENTATIONS = YES;
				CLANG_WARN_DIRECT_OBJC_ISA_USAGE = YES_ERROR;
				CLANG_WARN_DOCUMENTATION_COMMENTS = YES;
				CLANG_WARN_EMPTY_BODY = YES;
				CLANG_WARN_ENUM_CONVERSION = YES;
				CLANG_WARN_INFINITE_RECURSION = YES;
				CLANG_WARN_INT_CONVERSION = YES;
				CLANG_WARN_NON_LITERAL_NULL_CONVERSION = YES;
				CLANG_WARN_OBJC_IMPLICIT_RETAIN_SELF = YES;
				CLANG_WARN_OBJC_LITERAL_CONVERSION = YES;
				CLANG_WARN_OBJC_ROOT_CLASS = YES_ERROR;
				CLANG_WARN_QUOTED_INCLUDE_IN_FRAMEWORK_HEADER = YES;
				CLANG_WARN_RANGE_LOOP_ANALYSIS = YES;
				CLANG_WARN_STRICT_PROTOTYPES = YES;
				CLANG_WARN_SUSPICIOUS_MOVE = YES;
				CLANG_WARN_UNGUARDED_AVAILABILITY = YES_AGGRESSIVE;
				CLANG_WARN_UNREACHABLE_CODE = YES;
				CLANG_WARN__DUPLICATE_METHOD_MATCH = YES;
				COPY_PHASE_STRIP = NO;
				DEBUG_INFORMATION_FORMAT = "dwarf-with-dsym";
				ENABLE_NS_ASSERTIONS = NO;
				ENABLE_STRICT_OBJC_MSGSEND = YES;
				ENABLE_USER_SCRIPT_SANDBOXING = YES;
				GCC_C_LANGUAGE_STANDARD = gnu17;
				GCC_NO_COMMON_BLOCKS = YES;
				GCC_WARN_64_TO_32_BIT_CONVERSION = YES;
				GCC_WARN_ABOUT_RETURN_TYPE = YES_ERROR;
				GCC_WARN_UNDECLARED_SELECTOR = YES;
				GCC_WARN_UNINITIALIZED_AUTOS = YES_AGGRESSIVE;
				GCC_WARN_UNUSED_FUNCTION = YES;
				GCC_WARN_UNUSED_VARIABLE = YES;
				LOCALIZATION_PREFERS_STRING_CATALOGS = YES;
				MTL_ENABLE_DEBUG_INFO = NO;
				MTL_FAST_MATH = YES;
				SWIFT_COMPILATION_MODE = wholemodule;
				SWIFT_EMIT_LOC_STRINGS = YES;
			};
			name = Release;
		};
		5CDB4022303CA160008ECFA3 /* Debug */ = {
			isa = XCBuildConfiguration;
			buildSettings = {
				ASSETCATALOG_COMPILER_APPICON_NAME = AppIcon;
				ASSETCATALOG_COMPILER_GLOBAL_ACCENT_COLOR_NAME = AccentColor;
				CODE_SIGN_STYLE = Automatic;
				CURRENT_PROJECT_VERSION = 1;
				DEVELOPMENT_TEAM = "";
				ENABLE_APP_SANDBOX = YES;
				ENABLE_PREVIEWS = YES;
				ENABLE_USER_SELECTED_FILES = readonly;
				GENERATE_INFOPLIST_FILE = YES;
				INFOPLIST_KEY_LSApplicationCategoryType = "public.app-category.utilities";
				INFOPLIST_KEY_NSCameraUsageDescription = "Grant camera access to scan documents";
				"INFOPLIST_KEY_UIApplicationSceneManifest_Generation[sdk=iphoneos*]" = YES;
				"INFOPLIST_KEY_UIApplicationSceneManifest_Generation[sdk=iphonesimulator*]" = YES;
				"INFOPLIST_KEY_UIApplicationSupportsIndirectInputEvents[sdk=iphoneos*]" = YES;
				"INFOPLIST_KEY_UIApplicationSupportsIndirectInputEvents[sdk=iphonesimulator*]" = YES;
				"INFOPLIST_KEY_UILaunchScreen_Generation[sdk=iphoneos*]" = YES;
				"INFOPLIST_KEY_UILaunchScreen_Generation[sdk=iphonesimulator*]" = YES;
				"INFOPLIST_KEY_UIStatusBarStyle[sdk=iphoneos*]" = UIStatusBarStyleDefault;
				"INFOPLIST_KEY_UIStatusBarStyle[sdk=iphonesimulator*]" = UIStatusBarStyleDefault;
				INFOPLIST_KEY_UISupportedInterfaceOrientations = UIInterfaceOrientationPortrait;
				IPHONEOS_DEPLOYMENT_TARGET = 26.0;
				LD_RUNPATH_SEARCH_PATHS = "@executable_path/Frameworks";
				"LD_RUNPATH_SEARCH_PATHS[sdk=macosx*]" = "@executable_path/../Frameworks";
				MACOSX_DEPLOYMENT_TARGET = 26.0;
				MARKETING_VERSION = 1.0;
				PRODUCT_BUNDLE_IDENTIFIER = co.dcushing.IsTheBarcodeBlank;
				PRODUCT_NAME = "$(TARGET_NAME)";
				REGISTER_APP_GROUPS = YES;
				SDKROOT = auto;
				STRING_CATALOG_GENERATE_SYMBOLS = YES;
				SUPPORTED_PLATFORMS = "iphoneos iphonesimulator";
				SUPPORTS_MACCATALYST = NO;
				SWIFT_APPROACHABLE_CONCURRENCY = YES;
				SWIFT_DEFAULT_ACTOR_ISOLATION = MainActor;
				SWIFT_EMIT_LOC_STRINGS = YES;
				SWIFT_UPCOMING_FEATURE_MEMBER_IMPORT_VISIBILITY = YES;
				SWIFT_VERSION = 5.0;
				TARGETED_DEVICE_FAMILY = "1,2";
				XROS_DEPLOYMENT_TARGET = 26.0;
			};
			name = Debug;
		};
		5CDB4023303CA160008ECFA3 /* Release */ = {
			isa = XCBuildConfiguration;
			buildSettings = {
				ASSETCATALOG_COMPILER_APPICON_NAME = AppIcon;
				ASSETCATALOG_COMPILER_GLOBAL_ACCENT_COLOR_NAME = AccentColor;
				CODE_SIGN_STYLE = Automatic;
				CURRENT_PROJECT_VERSION = 1;
				DEVELOPMENT_TEAM = "";
				ENABLE_APP_SANDBOX = YES;
				ENABLE_PREVIEWS = YES;
				ENABLE_USER_SELECTED_FILES = readonly;
				GENERATE_INFOPLIST_FILE = YES;
				INFOPLIST_KEY_LSApplicationCategoryType = "public.app-category.utilities";
				INFOPLIST_KEY_NSCameraUsageDescription = "Grant camera access to scan documents";
				"INFOPLIST_KEY_UIApplicationSceneManifest_Generation[sdk=iphoneos*]" = YES;
				"INFOPLIST_KEY_UIApplicationSceneManifest_Generation[sdk=iphonesimulator*]" = YES;
				"INFOPLIST_KEY_UIApplicationSupportsIndirectInputEvents[sdk=iphoneos*]" = YES;
				"INFOPLIST_KEY_UIApplicationSupportsIndirectInputEvents[sdk=iphonesimulator*]" = YES;
				"INFOPLIST_KEY_UILaunchScreen_Generation[sdk=iphoneos*]" = YES;
				"INFOPLIST_KEY_UILaunchScreen_Generation[sdk=iphonesimulator*]" = YES;
				"INFOPLIST_KEY_UIStatusBarStyle[sdk=iphoneos*]" = UIStatusBarStyleDefault;
				"INFOPLIST_KEY_UIStatusBarStyle[sdk=iphonesimulator*]" = UIStatusBarStyleDefault;
				INFOPLIST_KEY_UISupportedInterfaceOrientations = UIInterfaceOrientationPortrait;
				IPHONEOS_DEPLOYMENT_TARGET = 26.0;
				LD_RUNPATH_SEARCH_PATHS = "@executable_path/Frameworks";
				"LD_RUNPATH_SEARCH_PATHS[sdk=macosx*]" = "@executable_path/../Frameworks";
				MACOSX_DEPLOYMENT_TARGET = 26.0;
				MARKETING_VERSION = 1.0;
				PRODUCT_BUNDLE_IDENTIFIER = co.dcushing.IsTheBarcodeBlank;
				PRODUCT_NAME = "$(TARGET_NAME)";
				REGISTER_APP_GROUPS = YES;
				SDKROOT = auto;
				STRING_CATALOG_GENERATE_SYMBOLS = YES;
				SUPPORTED_PLATFORMS = "iphoneos iphonesimulator";
				SUPPORTS_MACCATALYST = NO;
				SWIFT_APPROACHABLE_CONCURRENCY = YES;
				SWIFT_DEFAULT_ACTOR_ISOLATION = MainActor;
				SWIFT_EMIT_LOC_STRINGS = YES;
				SWIFT_UPCOMING_FEATURE_MEMBER_IMPORT_VISIBILITY = YES;
				SWIFT_VERSION = 5.0;
				TARGETED_DEVICE_FAMILY = "1,2";
				XROS_DEPLOYMENT_TARGET = 26.0;
			};
			name = Release;
		};
		5CDB4025303CA160008ECFA3 /* Debug */ = {
			isa = XCBuildConfiguration;
			buildSettings = {
				BUNDLE_LOADER = "$(TEST_HOST)";
				CODE_SIGN_STYLE = Automatic;
				CURRENT_PROJECT_VERSION = 1;
				GENERATE_INFOPLIST_FILE = YES;
				IPHONEOS_DEPLOYMENT_TARGET = 26.2;
				MACOSX_DEPLOYMENT_TARGET = 26.2;
				MARKETING_VERSION = 1.0;
				PRODUCT_BUNDLE_IDENTIFIER = co.dcushing.IsTheBarcodeBlankTests;
				PRODUCT_NAME = "$(TARGET_NAME)";
				SDKROOT = auto;
				STRING_CATALOG_GENERATE_SYMBOLS = NO;
				SUPPORTED_PLATFORMS = "iphoneos iphonesimulator macosx xros xrsimulator";
				SWIFT_APPROACHABLE_CONCURRENCY = YES;
				SWIFT_EMIT_LOC_STRINGS = NO;
				SWIFT_UPCOMING_FEATURE_MEMBER_IMPORT_VISIBILITY = YES;
				SWIFT_VERSION = 5.0;
				TARGETED_DEVICE_FAMILY = "1,2,7";
				TEST_HOST = "$(BUILT_PRODUCTS_DIR)/IsTheBarcodeBlank.app/$(BUNDLE_EXECUTABLE_FOLDER_PATH)/IsTheBarcodeBlank";
				XROS_DEPLOYMENT_TARGET = 26.2;
			};
			name = Debug;
		};
		5CDB4026303CA160008ECFA3 /* Release */ = {
			isa = XCBuildConfiguration;
			buildSettings = {
				BUNDLE_LOADER = "$(TEST_HOST)";
				CODE_SIGN_STYLE = Automatic;
				CURRENT_PROJECT_VERSION = 1;
				GENERATE_INFOPLIST_FILE = YES;
				IPHONEOS_DEPLOYMENT_TARGET = 26.2;
				MACOSX_DEPLOYMENT_TARGET = 26.2;
				MARKETING_VERSION = 1.0;
				PRODUCT_BUNDLE_IDENTIFIER = co.dcushing.IsTheBarcodeBlankTests;
				PRODUCT_NAME = "$(TARGET_NAME)";
				SDKROOT = auto;
				STRING_CATALOG_GENERATE_SYMBOLS = NO;
				SUPPORTED_PLATFORMS = "iphoneos iphonesimulator macosx xros xrsimulator";
				SWIFT_APPROACHABLE_CONCURRENCY = YES;
				SWIFT_EMIT_LOC_STRINGS = NO;
				SWIFT_UPCOMING_FEATURE_MEMBER_IMPORT_VISIBILITY = YES;
				SWIFT_VERSION = 5.0;
				TARGETED_DEVICE_FAMILY = "1,2,7";
				TEST_HOST = "$(BUILT_PRODUCTS_DIR)/IsTheBarcodeBlank.app/$(BUNDLE_EXECUTABLE_FOLDER_PATH)/IsTheBarcodeBlank";
				XROS_DEPLOYMENT_TARGET = 26.2;
			};
			name = Release;
		};
		5CDB4028303CA160008ECFA3 /* Debug */ = {
			isa = XCBuildConfiguration;
			buildSettings = {
				CODE_SIGN_STYLE = Automatic;
				CURRENT_PROJECT_VERSION = 1;
				GENERATE_INFOPLIST_FILE = YES;
				IPHONEOS_DEPLOYMENT_TARGET = 26.2;
				MACOSX_DEPLOYMENT_TARGET = 26.2;
				MARKETING_VERSION = 1.0;
				PRODUCT_BUNDLE_IDENTIFIER = co.dcushing.IsTheBarcodeBlankUITests;
				PRODUCT_NAME = "$(TARGET_NAME)";
				SDKROOT = auto;
				STRING_CATALOG_GENERATE_SYMBOLS = NO;
				SUPPORTED_PLATFORMS = "iphoneos iphonesimulator macosx xros xrsimulator";
				SWIFT_APPROACHABLE_CONCURRENCY = YES;
				SWIFT_EMIT_LOC_STRINGS = NO;
				SWIFT_UPCOMING_FEATURE_MEMBER_IMPORT_VISIBILITY = YES;
				SWIFT_VERSION = 5.0;
				TARGETED_DEVICE_FAMILY = "1,2,7";
				TEST_TARGET_NAME = IsTheBarcodeBlank;
				XROS_DEPLOYMENT_TARGET = 26.2;
			};
			name = Debug;
		};
		5CDB4029303CA160008ECFA3 /* Release */ = {
			isa = XCBuildConfiguration;
			buildSettings = {
				CODE_SIGN_STYLE = Automatic;
				CURRENT_PROJECT_VERSION = 1;
				GENERATE_INFOPLIST_FILE = YES;
				IPHONEOS_DEPLOYMENT_TARGET = 26.2;
				MACOSX_DEPLOYMENT_TARGET = 26.2;
				MARKETING_VERSION = 1.0;
				PRODUCT_BUNDLE_IDENTIFIER = co.dcushing.IsTheBarcodeBlankUITests;
				PRODUCT_NAME = "$(TARGET_NAME)";
				SDKROOT = auto;
				STRING_CATALOG_GENERATE_SYMBOLS = NO;
				SUPPORTED_PLATFORMS = "iphoneos iphonesimulator macosx xros xrsimulator";
				SWIFT_APPROACHABLE_CONCURRENCY = YES;
				SWIFT_EMIT_LOC_STRINGS = NO;
				SWIFT_UPCOMING_FEATURE_MEMBER_IMPORT_VISIBILITY = YES;
				SWIFT_VERSION = 5.0;
				TARGETED_DEVICE_FAMILY = "1,2,7";
				TEST_TARGET_NAME = IsTheBarcodeBlank;
				XROS_DEPLOYMENT_TARGET = 26.2;
			};
			name = Release;
		};
/* End XCBuildConfiguration section */

/* Begin XCConfigurationList section */
		5CDB3FFB303CA15F008ECFA3 /* Build configuration list for PBXProject "IsTheBarcodeBlank" */ = {
			isa = XCConfigurationList;
			buildConfigurations = (
				5CDB401F303CA160008ECFA3 /* Debug */,
				5CDB4020303CA160008ECFA3 /* Release */,
			);
			defaultConfigurationIsVisible = 0;
			defaultConfigurationName = Release;
		};
		5CDB4021303CA160008ECFA3 /* Build configuration list for PBXNativeTarget "IsTheBarcodeBlank" */ = {
			isa = XCConfigurationList;
			buildConfigurations = (
				5CDB4022303CA160008ECFA3 /* Debug */,
				5CDB4023303CA160008ECFA3 /* Release */,
			);
			defaultConfigurationIsVisible = 0;
			defaultConfigurationName = Release;
		};
		5CDB4024303CA160008ECFA3 /* Build configuration list for PBXNativeTarget "IsTheBarcodeBlankTests" */ = {
			isa = XCConfigurationList;
			buildConfigurations = (
				5CDB4025303CA160008ECFA3 /* Debug */,
				5CDB4026303CA160008ECFA3 /* Release */,
			);
			defaultConfigurationIsVisible = 0;
			defaultConfigurationName = Release;
		};
		5CDB4027303CA160008ECFA3 /* Build configuration list for PBXNativeTarget "IsTheBarcodeBlankUITests" */ = {
			isa = XCConfigurationList;
			buildConfigurations = (
				5CDB4028303CA160008ECFA3 /* Debug */,
				5CDB4029303CA160008ECFA3 /* Release */,
			);
			defaultConfigurationIsVisible = 0;
			defaultConfigurationName = Release;
		};
/* End XCConfigurationList section */
	};
	rootObject = 5CDB3FF8303CA15F008ECFA3 /* Project object */;
}
